uuid: 010736cf-5b25-46c2-9ac3-1035d94dc02f
langcode: en
status: true
dependencies:
  config:
    - field.storage.profile.field_user_image
    - group.type.project
    - image.style.220x220
    - image.style.80x80
    - image.style.thumbnail
  module:
    - comment
    - group
    - image
    - profile
    - user
id: members_block
label: 'Members Block'
module: group
description: ''
tag: ''
base_table: group_content_field_data
base_field: id
core: 8.x
display:
  default:
    display_plugin: default
    id: default
    display_title: Master
    position: 0
    display_options:
      access:
        type: group_permission
        options:
          group_permission: 'view project_update node'
      cache:
        type: tag
        options: {  }
      query:
        type: views_query
        options:
          disable_sql_rewrite: false
          distinct: false
          replica: false
          query_comment: ''
          query_tags: {  }
      exposed_form:
        type: basic
        options:
          submit_button: Apply
          reset_button: false
          reset_button_label: Reset
          exposed_sorts_label: 'Sort by'
          expose_sort_order: true
          sort_asc_label: Asc
          sort_desc_label: Desc
      pager:
        type: some
        options:
          items_per_page: 1
          offset: 0
      style:
        type: grid
        options:
          grouping: {  }
          columns: 2
          automatic_width: false
          alignment: horizontal
          col_class_default: true
          col_class_custom: ''
          row_class_default: true
          row_class_custom: ''
      row:
        type: fields
        options:
          inline: {  }
          separator: ''
          hide_empty: false
          default_field_elements: true
      fields:
        field_user_image:
          id: field_user_image
          table: profile__field_user_image
          field: field_user_image
          relationship: profile
          group_type: group
          admin_label: ''
          label: ''
          exclude: true
          alter:
            alter_text: false
            text: ''
            make_link: false
            path: ''
            absolute: false
            external: false
            replace_spaces: false
            path_case: none
            trim_whitespace: false
            alt: ''
            rel: ''
            link_class: ''
            prefix: ''
            suffix: ''
            target: ''
            nl2br: false
            max_length: 0
            word_boundary: true
            ellipsis: true
            more_link: false
            more_link_text: ''
            more_link_path: ''
            strip_tags: false
            trim: false
            preserve_tags: ''
            html: false
          element_type: ''
          element_class: ''
          element_label_type: ''
          element_label_class: ''
          element_label_colon: false
          element_wrapper_type: ''
          element_wrapper_class: ''
          element_default_classes: true
          empty: ''
          hide_empty: false
          empty_zero: false
          hide_alter_empty: true
          click_sort_column: target_id
          type: image
          settings:
            image_style: thumbnail
            image_link: content
          group_column: ''
          group_columns: {  }
          group_rows: true
          delta_limit: 0
          delta_offset: 0
          delta_reversed: false
          delta_first_last: false
          multi_type: separator
          separator: ', '
          field_api_classes: false
          plugin_id: field
        name:
          id: name
          table: users_field_data
          field: name
          relationship: gc__user
          group_type: group
          admin_label: ''
          label: ''
          exclude: false
          alter:
            alter_text: false
            text: ''
            make_link: false
            path: ''
            absolute: false
            external: false
            replace_spaces: false
            path_case: none
            trim_whitespace: false
            alt: ''
            rel: ''
            link_class: ''
            prefix: ''
            suffix: ''
            target: ''
            nl2br: false
            max_length: 0
            word_boundary: true
            ellipsis: true
            more_link: false
            more_link_text: ''
            more_link_path: ''
            strip_tags: false
            trim: false
            preserve_tags: ''
            html: false
          element_type: ''
          element_class: ''
          element_label_type: ''
          element_label_class: ''
          element_label_colon: false
          element_wrapper_type: ''
          element_wrapper_class: ''
          element_default_classes: true
          empty: ''
          hide_empty: false
          empty_zero: false
          hide_alter_empty: true
          click_sort_column: value
          type: comment_username
          settings:
            link_to_entity: 0
          group_column: value
          group_columns: {  }
          group_rows: true
          delta_limit: 0
          delta_offset: 0
          delta_reversed: false
          delta_first_last: false
          multi_type: separator
          separator: ', '
          field_api_classes: false
          entity_type: user
          entity_field: name
          plugin_id: field
      filters: {  }
      sorts:
        uid:
          id: uid
          table: group_content_field_data
          field: uid
          relationship: none
          group_type: group
          admin_label: ''
          order: ASC
          exposed: false
          expose:
            label: ''
          entity_type: group_content
          entity_field: uid
          plugin_id: standard
      header: {  }
      footer: {  }
      empty:
        area_text_custom:
          id: area_text_custom
          table: views
          field: area_text_custom
          relationship: none
          group_type: group
          admin_label: ''
          empty: true
          tokenize: false
          content: 'No members available.'
          plugin_id: text_custom
      relationships:
        gc__user:
          id: gc__user
          table: group_content_field_data
          field: gc__user
          relationship: none
          group_type: group
          admin_label: 'Member account'
          required: true
          group_content_plugins:
            group_membership: group_membership
          entity_type: group_content
          plugin_id: group_content_to_entity
        profile:
          id: profile
          table: users_field_data
          field: profile
          relationship: gc__user
          group_type: group
          admin_label: Profile
          required: true
          entity_type: user
          plugin_id: standard
      arguments:
        gid:
          id: gid
          table: group_content_field_data
          field: gid
          relationship: none
          group_type: group
          admin_label: ''
          default_action: default
          exception:
            value: all
            title_enable: false
            title: All
          title_enable: false
          title: ''
          default_argument_type: group_id_from_url
          default_argument_options: {  }
          default_argument_skip_url: false
          summary_options:
            base_path: ''
            count: true
            items_per_page: 25
            override: false
          summary:
            sort_order: asc
            number_of_records: 0
            format: default_summary
          specify_validation: true
          validate:
            type: 'entity:group'
            fail: 'not found'
          validate_options:
            bundles:
              project: project
            access: true
            operation: view
            multiple: 0
          break_phrase: false
          not: false
          entity_type: group_content
          entity_field: gid
          plugin_id: numeric
      display_extenders: {  }
      title: Members
    cache_metadata:
      max-age: -1
      contexts:
        - group_membership.roles.permissions
        - 'languages:language_content'
        - 'languages:language_interface'
        - route
        - url
      tags:
        - 'config:field.storage.profile.field_user_image'
  block_1:
    display_plugin: block
    id: block_1
    display_title: Block
    position: 2
    display_options:
      display_extenders: {  }
      pager:
        type: none
        options:
          offset: 2
      defaults:
        pager: false
        style: false
        row: false
        fields: false
      style:
        type: grid
        options:
          grouping: {  }
          columns: 2
          automatic_width: true
          alignment: horizontal
          col_class_default: true
          col_class_custom: ''
          row_class_default: true
          row_class_custom: ''
      row:
        type: fields
        options:
          inline: {  }
          separator: ''
          hide_empty: false
          default_field_elements: true
      fields:
        field_user_image:
          id: field_user_image
          table: profile__field_user_image
          field: field_user_image
          relationship: profile
          group_type: group
          admin_label: ''
          label: ''
          exclude: false
          alter:
            alter_text: false
            text: ''
            make_link: false
            path: ''
            absolute: false
            external: false
            replace_spaces: false
            path_case: none
            trim_whitespace: false
            alt: ''
            rel: ''
            link_class: ''
            prefix: ''
            suffix: ''
            target: ''
            nl2br: false
            max_length: 0
            word_boundary: true
            ellipsis: true
            more_link: false
            more_link_text: ''
            more_link_path: ''
            strip_tags: false
            trim: false
            preserve_tags: ''
            html: false
          element_type: ''
          element_class: ''
          element_label_type: ''
          element_label_class: ''
          element_label_colon: false
          element_wrapper_type: ''
          element_wrapper_class: ''
          element_default_classes: true
          empty: ''
          hide_empty: false
          empty_zero: false
          hide_alter_empty: true
          click_sort_column: target_id
          type: image
          settings:
            image_style: 80x80
            image_link: content
          group_column: ''
          group_columns: {  }
          group_rows: true
          delta_limit: 0
          delta_offset: 0
          delta_reversed: false
          delta_first_last: false
          multi_type: separator
          separator: ', '
          field_api_classes: false
          plugin_id: field
        name:
          id: name
          table: users_field_data
          field: name
          relationship: gc__user
          group_type: group
          admin_label: ''
          label: ''
          exclude: false
          alter:
            alter_text: false
            text: "{{ field_user_image }} \n{{ name }} "
            make_link: true
            path: ''
            absolute: false
            external: false
            replace_spaces: false
            path_case: none
            trim_whitespace: false
            alt: ''
            rel: ''
            link_class: ''
            prefix: ''
            suffix: ''
            target: ''
            nl2br: false
            max_length: 0
            word_boundary: true
            ellipsis: true
            more_link: false
            more_link_text: ''
            more_link_path: ''
            strip_tags: false
            trim: false
            preserve_tags: ''
            html: false
          element_type: ''
          element_class: ''
          element_label_type: ''
          element_label_class: ''
          element_label_colon: false
          element_wrapper_type: ''
          element_wrapper_class: ''
          element_default_classes: true
          empty: ''
          hide_empty: false
          empty_zero: false
          hide_alter_empty: true
          click_sort_column: value
          type: user_name
          settings:
            link_to_entity: true
          group_column: value
          group_columns: {  }
          group_rows: true
          delta_limit: 0
          delta_offset: 0
          delta_reversed: false
          delta_first_last: false
          multi_type: separator
          separator: ', '
          field_api_classes: false
          entity_type: user
          entity_field: name
          plugin_id: field
    cache_metadata:
      max-age: -1
      contexts:
        - group_membership.roles.permissions
        - 'languages:language_content'
        - 'languages:language_interface'
        - route
        - url
      tags:
        - 'config:field.storage.profile.field_user_image'
  block_2:
    display_plugin: block
    id: block_2
    display_title: 'Project Creator'
    position: 2
    display_options:
      display_extenders: {  }
      relationships:
        gc__user:
          id: gc__user
          table: group_content_field_data
          field: gc__user
          relationship: none
          group_type: group
          admin_label: 'Member account'
          required: true
          group_content_plugins:
            group_membership: group_membership
          entity_type: group_content
          plugin_id: group_content_to_entity
        profile:
          id: profile
          table: users_field_data
          field: profile
          relationship: gc__user
          group_type: group
          admin_label: Profile
          required: true
          entity_type: user
          plugin_id: standard
        uid:
          id: uid
          table: group_content_field_data
          field: uid
          relationship: none
          group_type: group
          admin_label: User
          required: true
          entity_type: group_content
          entity_field: uid
          plugin_id: standard
      defaults:
        relationships: false
        pager: false
        title: false
        fields: false
        style: false
        row: false
        arguments: false
        empty: false
      pager:
        type: some
        options:
          items_per_page: 1
          offset: 2
      title: 'Project Creator'
      fields:
        field_user_image:
          id: field_user_image
          table: profile__field_user_image
          field: field_user_image
          relationship: profile
          group_type: group
          admin_label: ''
          label: ''
          exclude: false
          alter:
            alter_text: false
            text: ''
            make_link: false
            path: ''
            absolute: false
            external: false
            replace_spaces: false
            path_case: none
            trim_whitespace: false
            alt: ''
            rel: ''
            link_class: ''
            prefix: ''
            suffix: ''
            target: ''
            nl2br: false
            max_length: 0
            word_boundary: true
            ellipsis: true
            more_link: false
            more_link_text: ''
            more_link_path: ''
            strip_tags: false
            trim: false
            preserve_tags: ''
            html: false
          element_type: ''
          element_class: ''
          element_label_type: ''
          element_label_class: ''
          element_label_colon: false
          element_wrapper_type: ''
          element_wrapper_class: ''
          element_default_classes: true
          empty: ''
          hide_empty: false
          empty_zero: false
          hide_alter_empty: true
          click_sort_column: target_id
          type: image
          settings:
            image_style: 220x220
            image_link: content
          group_column: ''
          group_columns: {  }
          group_rows: true
          delta_limit: 0
          delta_offset: 0
          delta_reversed: false
          delta_first_last: false
          multi_type: separator
          separator: ', '
          field_api_classes: false
          plugin_id: field
        name:
          id: name
          table: users_field_data
          field: name
          relationship: gc__user
          group_type: group
          admin_label: ''
          label: ''
          exclude: false
          alter:
            alter_text: true
            text: 'Project owner: {{ name }} '
            make_link: false
            path: ''
            absolute: false
            external: false
            replace_spaces: false
            path_case: none
            trim_whitespace: false
            alt: ''
            rel: ''
            link_class: ''
            prefix: ''
            suffix: ''
            target: ''
            nl2br: false
            max_length: 0
            word_boundary: true
            ellipsis: true
            more_link: false
            more_link_text: ''
            more_link_path: ''
            strip_tags: false
            trim: false
            preserve_tags: ''
            html: false
          element_type: ''
          element_class: ''
          element_label_type: ''
          element_label_class: ''
          element_label_colon: false
          element_wrapper_type: ''
          element_wrapper_class: ''
          element_default_classes: true
          empty: ''
          hide_empty: false
          empty_zero: false
          hide_alter_empty: true
          click_sort_column: value
          type: user_name
          settings:
            link_to_entity: true
          group_column: value
          group_columns: {  }
          group_rows: true
          delta_limit: 0
          delta_offset: 0
          delta_reversed: false
          delta_first_last: false
          multi_type: separator
          separator: ', '
          field_api_classes: false
          entity_type: user
          entity_field: name
          plugin_id: field
      style:
        type: grid
        options:
          grouping: {  }
          columns: 1
          automatic_width: true
          alignment: horizontal
          col_class_default: true
          col_class_custom: ''
          row_class_default: true
          row_class_custom: ''
      row:
        type: fields
        options:
          inline: {  }
          separator: ''
          hide_empty: false
          default_field_elements: true
      display_description: ''
      arguments:
        gid:
          id: gid
          table: group_content_field_data
          field: gid
          relationship: none
          group_type: group
          admin_label: ''
          default_action: default
          exception:
            value: all
            title_enable: false
            title: All
          title_enable: true
          title: '{{ arguments.gid|placeholder }} owner'
          default_argument_type: group_id_from_url
          default_argument_options: {  }
          default_argument_skip_url: false
          summary_options:
            base_path: ''
            count: true
            items_per_page: 25
            override: false
          summary:
            sort_order: asc
            number_of_records: 0
            format: default_summary
          specify_validation: true
          validate:
            type: 'entity:group'
            fail: 'not found'
          validate_options:
            bundles:
              project: project
            access: true
            operation: view
            multiple: 0
          break_phrase: false
          not: false
          entity_type: group_content
          entity_field: gid
          plugin_id: numeric
      empty:
        area_text_custom:
          id: area_text_custom
          table: views
          field: area_text_custom
          relationship: none
          group_type: group
          admin_label: ''
          empty: true
          tokenize: false
          content: 'No project creator available.'
          plugin_id: text_custom
    cache_metadata:
      max-age: -1
      contexts:
        - group_membership.roles.permissions
        - 'languages:language_content'
        - 'languages:language_interface'
        - route
        - url
      tags:
        - 'config:field.storage.profile.field_user_image'
